# THIS IS AN AUTOGENERATED FILE. DO NOT EDIT THIS FILE DIRECTLY.
# yarn lockfile v1


"@rails/actiontext@^7.2.302":
  version "7.2.302"
  resolved "https://registry.npmjs.org/@rails/actiontext/-/actiontext-7.2.302.tgz"
  integrity sha512-ptoTKTlxaHQ1qsvGbtNiktWlMdxuNIAh9uX/fmNMxpT3Ze5JI1ktHuwbs44Wrx2Om6uiXS5xDgCsAriBgzoxXQ==
  dependencies:
    "@rails/activestorage" ">= 7.2.0-alpha"

"@rails/activestorage@>= 7.2.0-alpha":
  version "7.2.302"
  resolved "https://registry.npmjs.org/@rails/activestorage/-/activestorage-7.2.302.tgz"
  integrity sha512-WUKOoimfKHa6h7Ir9qpFGoRHg1p2PoU1wD9k4JLRDd42xb6PktY31m6U312zgUCGGq1Sl6voQY9fsE/Xn/+z6Q==
  dependencies:
    spark-md5 "^3.0.1"

"@types/trusted-types@^2.0.7":
  version "2.0.7"
  resolved "https://registry.npmjs.org/@types/trusted-types/-/trusted-types-2.0.7.tgz"
  integrity sha512-ScaPdn1dQczgbl0QFTeTOmVHFULt394XJgOQNoyVhZ6r2vLnMLJfBPd53SB52T/3G36VI1/g2MZaX0cwDuXsfw==

dompurify@^3.2.5:
  version "3.4.16"
  resolved "https://registry.npmjs.org/dompurify/-/dompurify-3.4.16.tgz"
  integrity sha512-sqo+pNp3qRhCIpbgRi1y8Tgk27Bo2Ry7w0dC1NBeNTdZChWjz9Xb/KOoZbRP/R6pQZ80Qw8YhXw13hWWBbMRnQ==
  optionalDependencies:
    "@types/trusted-types" "^2.0.7"

html-to-image@^1.11.13:
  version "1.11.13"
  resolved "https://registry.npmjs.org/html-to-image/-/html-to-image-1.11.13.tgz"
  integrity sha512-cuOPoI7WApyhBElTTb9oqsawRvZ0rHhaHwghRLlTuffoD1B2aDemlCruLeZrUIIdvG7gs9xeELEPm6PhuASqrg==

sortablejs@^1.15.7:
  version "1.15.7"
  resolved "https://registry.npmjs.org/sortablejs/-/sortablejs-1.15.7.tgz"
  integrity sha512-Kk8wLQPlS+yi1ZEf48a4+fzHa4yxjC30M/Sr2AnQu+f/MPwvvX9XjZ6OWejiz8crBsLwSq8GHqaxaET7u6ux0A==

spark-md5@^3.0.1:
  version "3.0.2"
  resolved "https://registry.npmjs.org/spark-md5/-/spark-md5-3.0.2.tgz"
  integrity sha512-wcFzz9cDfbuqe0FZzfi2or1sgyIrsDwmPwfZC4hiNidPdPINjeUwNfv5kldczoEAcjl9Y1L3SM7Uz2PUEQzxQw==

trix@^2.0.0, trix@^2.1.19:
  version "2.1.19"
  resolved "https://registry.npmjs.org/trix/-/trix-2.1.19.tgz"
  integrity sha512-E7RA3EOeUiUwNJlrF5onIOkqCA06xUU6GmHOVxXyMnGMValrDK3Ce7uaMVgiVUOvVt4mzUERAHAzD10mxoLpOg==
  dependencies:
    dompurify "^3.2.5"
